
Microsoft Visual Studio Solution File, Format Version 12.00
# Visual Studio Version 17
VisualStudioVersion = 17.3.32804.467
MinimumVisualStudioVersion = 10.0.40219.1
Project("{FAE04EC0-301F-11D3-BF4B-00C04F79EFBC}") = "Geometry", "Geometry.csproj", "{D92AFE3E-C5F8-4DED-B08D-7C7ECD586E1B}"
EndProject
Global
	GlobalSection(SolutionConfigurationPlatforms) = preSolution
		Debug|Any CPU = Debug|Any CPU
		Release|Any CPU = Release|Any CPU
	EndGlobalSection
	GlobalSection(ProjectConfigurationPlatforms) = postSolution
		{D92AFE3E-C5F8-4DED-B08D-7C7ECD586E1B}.Debug|Any CPU.ActiveCfg = Debug|Any CPU
		{D92AFE3E-C5F8-4DED-B08D-7C7ECD586E1B}.Debug|Any CPU.Build.0 = Debug|Any CPU
		{D92AFE3E-C5F8-4DED-B08D-7C7ECD586E1B}.Release|Any CPU.ActiveCfg = Release|Any CPU
		{D92AFE3E-C5F8-4DED-B08D-7C7ECD586E1B}.Release|Any CPU.Build.0 = Release|Any CPU
	EndGlobalSection
	GlobalSection(SolutionProperties) = preSolution
		HideSolutionNode = FALSE
	EndGlobalSection
	GlobalSection(ExtensibilityGlobals) = postSolution
		SolutionGuid = {78F9F7D9-7D54-4D59-96C5-49DEE9BAA6D8}
	EndGlobalSection
EndGlobal
